# This file is automatically @generated by Cargo.
# It is not intended for manual editing.
version = 4

[[package]]
name = "engine-audio-io"
version = "0.0.1"
dependencies = [
 "engine-core",
 "engine-protocol",
]

[[package]]
name = "engine-core"
version = "0.0.1"
dependencies = [
 "engine-protocol",
]

[[package]]
name = "engine-host"
version = "0.0.1"
dependencies = [
 "engine-audio-io",
 "engine-core",
]

[[package]]
name = "engine-protocol"
version = "0.0.1"
